
Microsoft Visual Studio Solution File, Format Version 12.00
Project("{FAE04EC0-301F-11D3-BF4B-00C04F79EFBC}") = "ISINExtractor", "ISINExtractor\ISINExtractor.csproj", "{B2AD1E9C-8855-4043-80BF-95775D35AD0A}"
EndProject
Project("{FAE04EC0-301F-11D3-BF4B-00C04F79EFBC}") = "ISINExtractorTests", "ISINExtractorTests\ISINExtractorTests.csproj", "{C1AA504C-BB1F-4E9E-8BA5-4B84EBDA4341}"
EndProject
Global
	GlobalSection(SolutionConfigurationPlatforms) = preSolution
		Debug|Any CPU = Debug|Any CPU
		Release|Any CPU = Release|Any CPU
	EndGlobalSection
	GlobalSection(ProjectConfigurationPlatforms) = postSolution
		{B2AD1E9C-8855-4043-80BF-95775D35AD0A}.Debug|Any CPU.ActiveCfg = Debug|Any CPU
		{B2AD1E9C-8855-4043-80BF-95775D35AD0A}.Debug|Any CPU.Build.0 = Debug|Any CPU
		{B2AD1E9C-8855-4043-80BF-95775D35AD0A}.Release|Any CPU.ActiveCfg = Release|Any CPU
		{B2AD1E9C-8855-4043-80BF-95775D35AD0A}.Release|Any CPU.Build.0 = Release|Any CPU
		{C1AA504C-BB1F-4E9E-8BA5-4B84EBDA4341}.Debug|Any CPU.ActiveCfg = Debug|Any CPU
		{C1AA504C-BB1F-4E9E-8BA5-4B84EBDA4341}.Debug|Any CPU.Build.0 = Debug|Any CPU
		{C1AA504C-BB1F-4E9E-8BA5-4B84EBDA4341}.Release|Any CPU.ActiveCfg = Release|Any CPU
		{C1AA504C-BB1F-4E9E-8BA5-4B84EBDA4341}.Release|Any CPU.Build.0 = Release|Any CPU
	EndGlobalSection
EndGlobal
